// !$*UTF8*$!
{
	archiveVersion = 1;
	classes = {
	};
	objectVersion = 46;
	objects = {

/* Begin PBXBuildFile section */
		321352811BCC4167008E9556 /* SwiftSegFault.h in Headers */ = {isa = PBXBuildFile; fileRef = 321352801BCC4167008E9556 /* SwiftSegFault.h */; settings = {ATTRIBUTES = (Public, ); }; };
		321352891BCC4172008E9556 /* Square.swift in Sources */ = {isa = PBXBuildFile; fileRef = 321352881BCC4172008E9556 /* Square.swift */; settings = {ASSET_TAGS = (); }; };
		3213528B1BCC4218008E9556 /* Sqaure+Parsing.swift in Sources */ = {isa = PBXBuildFile; fileRef = 3213528A1BCC4218008E9556 /* Sqaure+Parsing.swift */; settings = {ASSET_TAGS = (); }; };
/* End PBXBuildFile section */

/* Begin PBXFileReference section */
		3213527D1BCC4167008E9556 /* SwiftSegFault.framework */ = {isa = PBXFileReference; explicitFileType = wrapper.framework; includeInIndex = 0; path = SwiftSegFault.framework; sourceTree = BUILT_PRODUCTS_DIR; };
		321352801BCC4167008E9556 /* SwiftSegFault.h */ = {isa = PBXFileReference; lastKnownFileType = sourcecode.c.h; path = SwiftSegFault.h; sourceTree = "<group>"; };
		321352821BCC4167008E9556 /* Info.plist */ = {isa = PBXFileReference; lastKnownFileType = text.plist.xml; path = Info.plist; sourceTree = "<group>"; };
		321352881BCC4172008E9556 /* Square.swift */ = {isa = PBXFileReference; fileEncoding = 4; lastKnownFileType = sourcecode.swift; path = Square.swift; sourceTree = "<group>"; };
		3213528A1BCC4218008E9556 /* Sqaure+Parsing.swift */ = {isa = PBXFileReference; fileEncoding = 4; lastKnownFileType = sourcecode.swift; path = "Sqaure+Parsing.swift"; sourceTree = "<group>"; };
/* End PBXFileReference section */

/* Begin PBXFrameworksBuildPhase section */
		321352791BCC4167008E9556 /* Frameworks */ = {
			isa = PBXFrameworksBuildPhase;
			buildActionMask = 2147483647;
			files = (
			);
			runOnlyForDeploymentPostprocessing = 0;
		};
/* End PBXFrameworksBuildPhase section */

/* Begin PBXGroup section */
		321352731BCC4167008E9556 = {
			isa = PBXGroup;
			children = (
				3213527F1BCC4167008E9556 /* SwiftSegFault */,
				3213527E1BCC4167008E9556 /* Products */,
			);
			sourceTree = "<group>";
		};
		3213527E1BCC4167008E9556 /* Products */ = {
			isa = PBXGroup;
			children = (
				3213527D1BCC4167008E9556 /* SwiftSegFault.framework */,
			);
			name = Products;
			sourceTree = "<group>";
		};
		3213527F1BCC4167008E9556 /* SwiftSegFault */ = {
			isa = PBXGroup;
			children = (
				321352801BCC4167008E9556 /* SwiftSegFault.h */,
				321352821BCC4167008E9556 /* Info.plist */,
				321352881BCC4172008E9556 /* Square.swift */,
				3213528A1BCC4218008E9556 /* Sqaure+Parsing.swift */,
			);
			path = SwiftSegFault;
			sourceTree = "<group>";
		};
/* End PBXGroup section */

/* Begin PBXHeadersBuildPhase section */
		3213527A1BCC4167008E9556 /* Headers */ = {
			isa = PBXHeadersBuildPhase;
			buildActionMask = 2147483647;
			files = (
				321352811BCC4167008E9556 /* SwiftSegFault.h in Headers */,
			);
			runOnlyForDeploymentPostprocessing = 0;
		};
/* End PBXHeadersBuildPhase section */

/* Begin PBXNativeTarget section */
		3213527C1BCC4167008E9556 /* SwiftSegFault */ = {
			isa = PBXNativeTarget;
			buildConfigurationList = 321352851BCC4167008E9556 /* Build configuration list for PBXNativeTarget "SwiftSegFault" */;
			buildPhases = (
				321352781BCC4167008E9556 /* Sources */,
				321352791BCC4167008E9556 /* Frameworks */,
				3213527A1BCC4167008E9556 /* Headers */,
				3213527B1BCC4167008E9556 /* Resources */,
			);
			buildRules = (
			);
			dependencies = (
			);
			name = SwiftSegFault;
			productName = SwiftSegFault;
			productReference = 3213527D1BCC4167008E9556 /* SwiftSegFault.framework */;
			productType = "com.apple.product-type.framework";
		};
/* End PBXNativeTarget section */

/* Begin PBXProject section */
		321352741BCC4167008E9556 /* Project object */ = {
			isa = PBXProject;
			attributes = {
				LastSwiftUpdateCheck = 0700;
				LastUpgradeCheck = 0700;
				ORGANIZATIONNAME = "The New York Times Company";
				TargetAttributes = {
					3213527C1BCC4167008E9556 = {
						CreatedOnToolsVersion = 7.0;
					};
				};
			};
			buildConfigurationList = 321352771BCC4167008E9556 /* Build configuration list for PBXProject "SwiftSegFault" */;
			compatibilityVersion = "Xcode 3.2";
			developmentRegion = English;
			hasScannedForEncodings = 0;
			knownRegions = (
				en,
			);
			mainGroup = 321352731BCC4167008E9556;
			productRefGroup = 3213527E1BCC4167008E9556 /* Products */;
			projectDirPath = "";
			projectRoot = "";
			targets = (
				3213527C1BCC4167008E9556 /* SwiftSegFault */,
			);
		};
/* End PBXProject section */

/* Begin PBXResourcesBuildPhase section */
		3213527B1BCC4167008E9556 /* Resources */ = {
			isa = PBXResourcesBuildPhase;
			buildActionMask = 2147483647;
			files = (
			);
			runOnlyForDeploymentPostprocessing = 0;
		};
/* End PBXResourcesBuildPhase section */

/* Begin PBXSourcesBuildPhase section */
		321352781BCC4167008E9556 /* Sources */ = {
			isa = PBXSourcesBuildPhase;
			buildActionMask = 2147483647;
			files = (
				321352891BCC4172008E9556 /* Square.swift in Sources */,
				3213528B1BCC4218008E9556 /* Sqaure+Parsing.swift in Sources */,
			);
			runOnlyForDeploymentPostprocessing = 0;
		};
/* End PBXSourcesBuildPhase section */

/* Begin XCBuildConfiguration section */
		321352831BCC4167008E9556 /* Debug */ = {
			isa = XCBuildConfiguration;
			buildSettings = {
				ALWAYS_SEARCH_USER_PATHS = NO;
				CLANG_CXX_LANGUAGE_STANDARD = "gnu++0x";
				CLANG_CXX_LIBRARY = "libc++";
				CLANG_ENABLE_MODULES = YES;
				CLANG_ENABLE_OBJC_ARC = YES;
				CLANG_WARN_BOOL_CONVERSION = YES;
				CLANG_WARN_CONSTANT_CONVERSION = YES;
				CLANG_WARN_DIRECT_OBJC_ISA_USAGE = YES_ERROR;
				CLANG_WARN_EMPTY_BODY = YES;
				CLANG_WARN_ENUM_CONVERSION = YES;
				CLANG_WARN_INT_CONVERSION = YES;
				CLANG_WARN_OBJC_ROOT_CLASS = YES_ERROR;
				CLANG_WARN_UNREACHABLE_CODE = YES;
				CLANG_WARN__DUPLICATE_METHOD_MATCH = YES;
				COPY_PHASE_STRIP = NO;
				CURRENT_PROJECT_VERSION = 1;
				DEBUG_INFORMATION_FORMAT = dwarf;
				ENABLE_STRICT_OBJC_MSGSEND = YES;
				ENABLE_TESTABILITY = YES;
				GCC_C_LANGUAGE_STANDARD = gnu99;
				GCC_DYNAMIC_NO_PIC = NO;
				GCC_NO_COMMON_BLOCKS = YES;
				GCC_OPTIMIZATION_LEVEL = 0;
				GCC_PREPROCESSOR_DEFINITIONS = (
					"DEBUG=1",
					"$(inherited)",
				);
				GCC_WARN_64_TO_32_BIT_CONVERSION = YES;
				GCC_WARN_ABOUT_RETURN_TYPE = YES_ERROR;
				GCC_WARN_UNDECLARED_SELECTOR = YES;
				GCC_WARN_UNINITIALIZED_AUTOS = YES_AGGRESSIVE;
				GCC_WARN_UNUSED_FUNCTION = YES;
				GCC_WARN_UNUSED_VARIABLE = YES;
				MACOSX_DEPLOYMENT_TARGET = 10.10;
				MTL_ENABLE_DEBUG_INFO = YES;
				ONLY_ACTIVE_ARCH = YES;
				SDKROOT = macosx;
				SWIFT_OPTIMIZATION_LEVEL = "-Onone";
				VERSIONING_SYSTEM = "apple-generic";
				VERSION_INFO_PREFIX = "";
			};
			name = Debug;
		};
		321352841BCC4167008E9556 /* Release */ = {
			isa = XCBuildConfiguration;
			buildSettings = {
				ALWAYS_SEARCH_USER_PATHS = NO;
				CLANG_CXX_LANGUAGE_STANDARD = "gnu++0x";
				CLANG_CXX_LIBRARY = "libc++";
				CLANG_ENABLE_MODULES = YES;
				CLANG_ENABLE_OBJC_ARC = YES;
				CLANG_WARN_BOOL_CONVERSION = YES;
				CLANG_WARN_CONSTANT_CONVERSION = YES;
				CLANG_WARN_DIRECT_OBJC_ISA_USAGE = YES_ERROR;
				CLANG_WARN_EMPTY_BODY = YES;
				CLANG_WARN_ENUM_CONVERSION = YES;
				CLANG_WARN_INT_CONVERSION = YES;
				CLANG_WARN_OBJC_ROOT_CLASS = YES_ERROR;
				CLANG_WARN_UNREACHABLE_CODE = YES;
				CLANG_WARN__DUPLICATE_METHOD_MATCH = YES;
				COPY_PHASE_STRIP = NO;
				CURRENT_PROJECT_VERSION = 1;
				DEBUG_INFORMATION_FORMAT = "dwarf-with-dsym";
				ENABLE_NS_ASSERTIONS = NO;
				ENABLE_STRICT_OBJC_MSGSEND = YES;
				GCC_C_LANGUAGE_STANDARD = gnu99;
				GCC_NO_COMMON_BLOCKS = YES;
				GCC_WARN_64_TO_32_BIT_CONVERSION = YES;
				GCC_WARN_ABOUT_RETURN_TYPE = YES_ERROR;
				GCC_WARN_UNDECLARED_SELECTOR = YES;
				GCC_WARN_UNINITIALIZED_AUTOS = YES_AGGRESSIVE;
				GCC_WARN_UNUSED_FUNCTION = YES;
				GCC_WARN_UNUSED_VARIABLE = YES;
				MACOSX_DEPLOYMENT_TARGET = 10.10;
				MTL_ENABLE_DEBUG_INFO = NO;
				SDKROOT = macosx;
				VERSIONING_SYSTEM = "apple-generic";
				VERSION_INFO_PREFIX = "";
			};
			name = Release;
		};
		321352861BCC4167008E9556 /* Debug */ = {
			isa = XCBuildConfiguration;
			buildSettings = {
				CLANG_ENABLE_MODULES = YES;
				COMBINE_HIDPI_IMAGES = YES;
				DEFINES_MODULE = YES;
				DYLIB_COMPATIBILITY_VERSION = 1;
				DYLIB_CURRENT_VERSION = 1;
				DYLIB_INSTALL_NAME_BASE = "@rpath";
				FRAMEWORK_VERSION = A;
				INFOPLIST_FILE = SwiftSegFault/Info.plist;
				INSTALL_PATH = "$(LOCAL_LIBRARY_DIR)/Frameworks";
				LD_RUNPATH_SEARCH_PATHS = "$(inherited) @executable_path/../Frameworks @loader_path/Frameworks";
				PRODUCT_BUNDLE_IDENTIFIER = com.nytimes.SwiftSegFault;
				PRODUCT_NAME = "$(TARGET_NAME)";
				SKIP_INSTALL = YES;
				SWIFT_OPTIMIZATION_LEVEL = "-Onone";
			};
			name = Debug;
		};
		321352871BCC4167008E9556 /* Release */ = {
			isa = XCBuildConfiguration;
			buildSettings = {
				CLANG_ENABLE_MODULES = YES;
				COMBINE_HIDPI_IMAGES = YES;
				DEFINES_MODULE = YES;
				DYLIB_COMPATIBILITY_VERSION = 1;
				DYLIB_CURRENT_VERSION = 1;
				DYLIB_INSTALL_NAME_BASE = "@rpath";
				FRAMEWORK_VERSION = A;
				INFOPLIST_FILE = SwiftSegFault/Info.plist;
				INSTALL_PATH = "$(LOCAL_LIBRARY_DIR)/Frameworks";
				LD_RUNPATH_SEARCH_PATHS = "$(inherited) @executable_path/../Frameworks @loader_path/Frameworks";
				PRODUCT_BUNDLE_IDENTIFIER = com.nytimes.SwiftSegFault;
				PRODUCT_NAME = "$(TARGET_NAME)";
				SKIP_INSTALL = YES;
			};
			name = Release;
		};
/* End XCBuildConfiguration section */

/* Begin XCConfigurationList section */
		321352771BCC4167008E9556 /* Build configuration list for PBXProject "SwiftSegFault" */ = {
			isa = XCConfigurationList;
			buildConfigurations = (
				321352831BCC4167008E9556 /* Debug */,
				321352841BCC4167008E9556 /* Release */,
			);
			defaultConfigurationIsVisible = 0;
			defaultConfigurationName = Release;
		};
		321352851BCC4167008E9556 /* Build configuration list for PBXNativeTarget "SwiftSegFault" */ = {
			isa = XCConfigurationList;
			buildConfigurations = (
				321352861BCC4167008E9556 /* Debug */,
				321352871BCC4167008E9556 /* Release */,
			);
			defaultConfigurationIsVisible = 0;
		};
/* End XCConfigurationList section */
	};
	rootObject = 321352741BCC4167008E9556 /* Project object */;
}
